
Microsoft Visual Studio Solution File, Format Version 12.00
# Visual Studio Version 17
VisualStudioVersion = 17.9.34714.143
MinimumVisualStudioVersion = 10.0.40219.1
Project("{FAE04EC0-301F-11D3-BF4B-00C04F79EFBC}") = "test", "test\test.csproj", "{F27FB2B1-F563-4A64-9945-78C7DD762332}"
EndProject
Global
	GlobalSection(SolutionConfigurationPlatforms) = preSolution
		Debug|Any CPU = Debug|Any CPU
		Release|Any CPU = Release|Any CPU
	EndGlobalSection
	GlobalSection(ProjectConfigurationPlatforms) = postSolution
		{F27FB2B1-F563-4A64-9945-78C7DD762332}.Debug|Any CPU.ActiveCfg = Debug|Any CPU
		{F27FB2B1-F563-4A64-9945-78C7DD762332}.Debug|Any CPU.Build.0 = Debug|Any CPU
		{F27FB2B1-F563-4A64-9945-78C7DD762332}.Release|Any CPU.ActiveCfg = Release|Any CPU
		{F27FB2B1-F563-4A64-9945-78C7DD762332}.Release|Any CPU.Build.0 = Release|Any CPU
	EndGlobalSection
	GlobalSection(SolutionProperties) = preSolution
		HideSolutionNode = FALSE
	EndGlobalSection
	GlobalSection(ExtensibilityGlobals) = postSolution
		SolutionGuid = {5AC005E7-013C-4AAB-8BED-6E9B7C501237}
	EndGlobalSection
EndGlobal
