
Microsoft Visual Studio Solution File, Format Version 12.00
# Visual Studio Version 17
VisualStudioVersion = 17.9.34714.143
MinimumVisualStudioVersion = 10.0.40219.1
Project("{FAE04EC0-301F-11D3-BF4B-00C04F79EFBC}") = "lab2_cau7", "lab2_cau7\lab2_cau7.csproj", "{5AEDE07C-4F72-4C22-936F-449B5E9710CE}"
EndProject
Global
	GlobalSection(SolutionConfigurationPlatforms) = preSolution
		Debug|Any CPU = Debug|Any CPU
		Release|Any CPU = Release|Any CPU
	EndGlobalSection
	GlobalSection(ProjectConfigurationPlatforms) = postSolution
		{5AEDE07C-4F72-4C22-936F-449B5E9710CE}.Debug|Any CPU.ActiveCfg = Debug|Any CPU
		{5AEDE07C-4F72-4C22-936F-449B5E9710CE}.Debug|Any CPU.Build.0 = Debug|Any CPU
		{5AEDE07C-4F72-4C22-936F-449B5E9710CE}.Release|Any CPU.ActiveCfg = Release|Any CPU
		{5AEDE07C-4F72-4C22-936F-449B5E9710CE}.Release|Any CPU.Build.0 = Release|Any CPU
	EndGlobalSection
	GlobalSection(SolutionProperties) = preSolution
		HideSolutionNode = FALSE
	EndGlobalSection
	GlobalSection(ExtensibilityGlobals) = postSolution
		SolutionGuid = {70817FDE-829E-4F58-860E-F21E5347D1FA}
	EndGlobalSection
EndGlobal
