
Microsoft Visual Studio Solution File, Format Version 12.00
# Visual Studio Version 17
VisualStudioVersion = 17.9.34714.143
MinimumVisualStudioVersion = 10.0.40219.1
Project("{FAE04EC0-301F-11D3-BF4B-00C04F79EFBC}") = "bai4_lab2", "bai4_lab2\bai4_lab2.csproj", "{AFCE7CA2-8FF1-46CC-ABB1-9269917DBEFB}"
EndProject
Global
	GlobalSection(SolutionConfigurationPlatforms) = preSolution
		Debug|Any CPU = Debug|Any CPU
		Release|Any CPU = Release|Any CPU
	EndGlobalSection
	GlobalSection(ProjectConfigurationPlatforms) = postSolution
		{AFCE7CA2-8FF1-46CC-ABB1-9269917DBEFB}.Debug|Any CPU.ActiveCfg = Debug|Any CPU
		{AFCE7CA2-8FF1-46CC-ABB1-9269917DBEFB}.Debug|Any CPU.Build.0 = Debug|Any CPU
		{AFCE7CA2-8FF1-46CC-ABB1-9269917DBEFB}.Release|Any CPU.ActiveCfg = Release|Any CPU
		{AFCE7CA2-8FF1-46CC-ABB1-9269917DBEFB}.Release|Any CPU.Build.0 = Release|Any CPU
	EndGlobalSection
	GlobalSection(SolutionProperties) = preSolution
		HideSolutionNode = FALSE
	EndGlobalSection
	GlobalSection(ExtensibilityGlobals) = postSolution
		SolutionGuid = {D8ED562F-23C6-44F1-BCAB-5292A9C30C48}
	EndGlobalSection
EndGlobal
